
Microsoft Visual Studio Solution File, Format Version 12.00
# Visual Studio Version 16
VisualStudioVersion = 16.0.34114.132
MinimumVisualStudioVersion = 10.0.40219.1
Project("{FAE04EC0-301F-11D3-BF4B-00C04F79EFBC}") = "Landing_Page", "Landing_Page\Landing_Page.csproj", "{01ACF850-03FE-4E19-8BC4-E9318251DEB0}"
EndProject
Global
	GlobalSection(SolutionConfigurationPlatforms) = preSolution
		Debug|Any CPU = Debug|Any CPU
		Release|Any CPU = Release|Any CPU
	EndGlobalSection
	GlobalSection(ProjectConfigurationPlatforms) = postSolution
		{01ACF850-03FE-4E19-8BC4-E9318251DEB0}.Debug|Any CPU.ActiveCfg = Debug|Any CPU
		{01ACF850-03FE-4E19-8BC4-E9318251DEB0}.Debug|Any CPU.Build.0 = Debug|Any CPU
		{01ACF850-03FE-4E19-8BC4-E9318251DEB0}.Release|Any CPU.ActiveCfg = Release|Any CPU
		{01ACF850-03FE-4E19-8BC4-E9318251DEB0}.Release|Any CPU.Build.0 = Release|Any CPU
	EndGlobalSection
	GlobalSection(SolutionProperties) = preSolution
		HideSolutionNode = FALSE
	EndGlobalSection
	GlobalSection(ExtensibilityGlobals) = postSolution
		SolutionGuid = {C66B66E5-4F66-4EEF-A580-B2CBFD90A9D2}
	EndGlobalSection
EndGlobal
